58f8da642d6a018172582e891fe8f3216176b0c8bbaaf9c50d46355012484e5f  lib/tagged.cyr
c9d9bd6559c58dd633ea2c35f529596c8af5ef37d267f8684c22930aae06607f  lib/toml.cyr
4fe885bd0c5d5ae1a17ebcfbf1d8aaf8fae11c6513c2c29a0beae839b7fc316c  lib/net.cyr
e84c090fd0f8532700d967ca3190837780a52a42630f4c6a0a4567ad9a49ab6b  lib/cffi.cyr
f6caa7b0c5986a8d28c12cf10667714026c9cb5c33face5ec586dd54df0c23aa  lib/syscalls_macos.cyr
9dda717127c86b2b8826a126a2bea79184e1dd205fcbde7ff5106dc796fa08cf  lib/simd.cyr
90d01355e0fd6e0e621d38d418e9ac1095b1efcf7e94c9b5e7b78603727c2e1b  lib/mmap.cyr
2632741c12ea87079cc484eedf32026e860ed549f36c351d7954988693a8d352  lib/math.cyr
90c3f21da4cf686e7f3d7038ed43ed9710cb7b1248c0792245e761c18f45451c  lib/dynlib.cyr
f7852e63d5d26359956b455f270a138a80ca4de1bc00ba4cd3fa56c346b9a139  lib/str.cyr
558f8e8eeb953073dfd4e9552053ba9fc74a2897361abbc2544f3d694d5bd148  lib/fdlopen.cyr
1989de8615f151f007e6983170887cddfd1c654b3fd81c73b4c811b9ccf5ac7b  lib/base64.cyr
bcc046e90f4ca58b76df69d08cae5feec9d92f0398eaaad96686b2c27631fdfc  lib/grp.cyr
b9913b518a7cece89b74dfc681316d3aaf80117609eb35da52a889b58a00649c  lib/async.cyr
978e0899bd183ad842a12316312259806c21beb3b1f5db803cf321d37d169711  lib/regression.cyr
994d110a5a2271c0e96b70697f2401d7f96f881d21b9924f7c90591081c56dfc  lib/ws_server.cyr
cd04430ca9b6955a00b3a63b18b7d15eef95cab6fee0313ba9f2dfa8cf31ce38  lib/pam.cyr
d3b5262a6f5c86dfd1976061c78b8101313fb00a93e8b049d4fb3701edbf15cc  lib/pwd.cyr
2f45637b6ac55e44d88262768766486657c2c047887c83070e7f44f05d9df5c9  lib/alloc_macos.cyr
2eec2d5461743c7fe79cbae4ff3cc1c95e002c2e939b5cc01ca7b1f59e5cdd12  lib/hashmap_fast.cyr
f5ecfdd9b6ee02914a1a3b542fec7559aa66e4830b852ee80e28e410a1fcc4f1  lib/freelist.cyr
30abbdfd10790b852144e20dc9fdf1503336fb94940ec7a4ce37ec92dcfad746  lib/regex.cyr
dc500d517e0896751699302f6d6033b765378576f8e9ac144480262ab4214348  lib/security.cyr
a8ae4f1396d23bff31a4c22c53be396b4624dcd763f5a9de81d4933a07beae9e  lib/test.cyr
12c88fb38ecb6615c1bb1e2ac673e5258485c16f35c4271b8103d19411d231c5  lib/sakshi.cyr
096eabc580c807f3e378fbe56058780a28cdf95b9c70b44672bca0a71cf969f6  lib/ct.cyr
4ee0e3020c92b50d9bf865bc3e29f6becf8dbcd6b3c83ff2e7638d8d26db055d  lib/log.cyr
5f6cbdc4dc19cdd43f563388b28bc9df676c638b3e0eb134e55ddae57c072198  lib/atomic.cyr
3cd95e522962c38ddf606cb2e7cb37bda552a24526a58a85fb22ae07b2596582  lib/agnosys.cyr
ff14f0d7999956754937f612c0aa60719c138f0967a81019cf99e08aae088087  lib/string.cyr
3e2e923a1a9911f355b6201a75f66cb0c3c12a16b1796886772796ce7de2317f  lib/process.cyr
49269a9ac71c8806a8da0a3df7c161a854da68c2675ffe5ad23ea37336b61a87  lib/niyama.cyr
8e2296604d66d1a592b7fa991072b97ff8d826fb82362a499b4aeec90619263c  lib/alloc.cyr
6a1765bd0a63494fe6373b2f12cee8996379937f07e009d72fc5a8e55d8ca7a2  lib/sigil.cyr
0b577deddfe0b13256b5afbf849cfa31350189d6537a94ddd7f3f32d60a5f497  lib/sandhi.cyr
639aa6feb170319f983df4b39b827f29b26391b55de241c25e711f3880bce0a0  lib/flags.cyr
ec2966f5bc839ed8d333e0da57a58af2cc45b7d4213f674c98469e64b361ce54  lib/syscalls_x86_64_linux.cyr
150bb9efad587ae139d8df81d62c7578c8ab20d3c6964004908929657b597c12  lib/fmt.cyr
d0c165d52d8130ed1d1b0592f94ba6239c788519393a2a3b6d587d0fe226a872  lib/tls.cyr
293aba79206fc1201a8998b64f51d00d8cb8ac3a5cb2f4ed96c1ca5a4b5aa2cd  lib/trait.cyr
e16c947cb7e871290e728d4becd1525eaf1c28c7fcfcc72b6a06d1b8a510aa5f  lib/yukti.cyr
c9e220ca9bcb929cbc682e9b7eed7086b3b5a90474d562b600e137fde85eb7f0  lib/assert.cyr
3ecbc51a2c25fa695ce13ab0cb657684bf156006b9f77a9a8d274adb80f158b0  lib/args.cyr
fb164d1713399c0e246e4fbb027570f5ff43a2cec67972c48e3da1bb1d9d2da1  lib/patra.cyr
37aed95d32ad2c280c4af809abae66088176f47e55802a77e7f90a5ced95d394  lib/csv.cyr
9b20e9579b285230c39abdc96b10c59fe56def89dec7162817fa9164c1046da4  lib/bigint.cyr
cebcd8f2f0d25ea808ae40ebf133ce1b053a445828749e190d5339dfa7aac758  lib/vani.cyr
413d8484ae08bf6e908eea366c6af66354c79b21de3d1a079f1087930924d75c  lib/chrono.cyr
8dd79704c47d31d42de61f967f5b2e27c45c695a0d531cb18d1eb4e59eeca0f9  lib/overflow.cyr
d58157ec5e59f3c9385f15a7c3e0ba6f40c2e9b929af359d6c5054998ebc504f  lib/mabda.cyr
f0fb1a525c590bd5aafdfb5e30dfbb1bce6ad14f3e30f4ce83e6d2ae5f4730f5  lib/linalg.cyr
6f7698ae70884d0d6b845994974bb7b5a8a92bcc4e86277229e8f81e409ffe1c  lib/syscalls.cyr
69524b79054635a0864bac422215dc96302374b0b899f066af4dd6d63c029190  lib/matrix.cyr
fcb3875e8ff757fd3abf2566b87947ae402631624cd8885c2766758d641529c9  lib/thread_local.cyr
f362ed6f1f4064dfcbc72b32892c2917ff80119a583bfdfa948771e115eb8de0  lib/alloc_windows.cyr
7619d9f9e230950db7132dc20f1b00b594af23809345e4991cb402812264dbe4  lib/thread.cyr
33896c802e5d394a9e058eb9d73459c9bcda02b14d2ad9daaa56b8afa87565f5  lib/syscalls_aarch64_linux.cyr
2907e90cae9f66370dce6e9567e24b03dab31221cb4f0e505a5c5745232d5de4  lib/sha1.cyr
262348eaa67e4c26c0d9e4488b1ffb32a395e15eeaa92f6ea837c124e629f0c9  lib/shadow.cyr
82ff313674a504d0d6d6e696ae1e0503148b066407c0c3344ee2098e54e504c4  lib/bench.cyr
2c8ce2626832ceb0ba250cb6e4559fafd948ee640d28937883eb808e9994ac74  lib/cyml.cyr
39b494393ba5337b81a73ea874b5e86324c20fcafa98f9bbf156d79d07e444ee  lib/sankoch.cyr
97617241023fdc36ad428a2488a2913de666e82aee3f3979547d762cfe4d798e  lib/audit_walk.cyr
ffe714f5a05c37ec584058cc10421543533f80db438672b073fd82859a5dbe52  lib/ws.cyr
032132cf5c2e3bb3c52c31a61ee919d72b7c8ee806c7b6f7d57dc7e79001f003  lib/u128.cyr
543be460c6d2a9922e47f4dafb4fae981802f74827b935d4ec9dadb35870cb43  lib/keccak.cyr
21b573de672e2b7a2d281e3d3e071a1de884f5c8a78a752fa5585bf97b3b6a98  lib/http.cyr
746ded4adb489629ff0b0cd0f1e37f600e0ec355777cd130ed9eb1dafb3428d4  lib/vec.cyr
97ee4075f0f1516d383f2f1cea8d1fcb6ea62414f5411f5ea463b3b383396a08  lib/fs.cyr
a9b4daf3511b905965bf9b99e31d51ef54993fc8c3ad961d9122ac97719a4f18  lib/io.cyr
724cb440922e89ff60c76eba23670eeee53b9d1f3ffdde31ebe2e2f9badda9ed  lib/slice.cyr
986664e1a80a4b80cb1cb7250c4b7b24c88dba3a3d2157783701c04a7ccbabc9  lib/hashmap.cyr
76276b98b431e30b49168d4af8d5efdd428dde8c7114351e8d575e0abc3992ab  lib/fnptr.cyr
c687ff6f4784ca309c119c97de1c3f730e0da9e36d2cc82fbaaaeedc1da76027  lib/syscalls_windows.cyr
de4598e4862fdc8d02195688b9aacc91e888d5f6b85d9fac08f4b7af9daaca19  lib/random.cyr
927f8e674a5acb648b536d54744bb74b595e3376202f702412015228d3f7056d  lib/bounds.cyr
86c4e2b20a7b376279c6e7f905744182aa120b8eb1d737cd173fc2ea8e799ff3  lib/json.cyr
6a61c7631c48074af8f53260b0bf91e2918d1ee65008337360c82d92ad0f3369  lib/callback.cyr
967fda3880a94597787a3d35c66ec4054214660f503913a04c1fd402b46b9d4e  lib/syscalls_linux_common.cyr
fcb060e991af4b5cd1d3e1ad7fdc06278d8a0adf64d073c234298c4c20f1a000  lib/args_macos.cyr
55ffe9a910b214a8dd6fcafce5ee1ba5c86ff8e4f7d79f9c32068019bd013c71  lib/result.cyr
