d7a14f337a9e8c67ac95023cddf58614a21d8aacd2eb1736da798843ccf0deba  lib/syscalls_macos.cyr
90d01355e0fd6e0e621d38d418e9ac1095b1efcf7e94c9b5e7b78603727c2e1b  lib/mmap.cyr
8a3e4378e75eefbf7e6d8d098449dbe909f9b9b80a2a72624adb250eb4335c09  lib/str.cyr
15cfae186336b82046c1786c71befa1050722fedab3d91824c35703aa4bb9b85  lib/alloc_agnos.cyr
ef04e8a97cb8519ba99fc80aaf8c49e7475f15eb1d924b900e6222ee34c5058f  lib/alloc_macos.cyr
d5877d16113051fb95dae31717efc679c94b17a34667805b56e52a345bc48f8f  lib/freelist.cyr
ac55a4ff22d49ccf6c44893be077e1c824825aed845d82c04767f4f87c29d6da  lib/sync_macos.cyr
12c88fb38ecb6615c1bb1e2ac673e5258485c16f35c4271b8103d19411d231c5  lib/sakshi.cyr
7b045871f231519e65f28a4b7abfbae6dd8e586ce03053fd367b3a119e8303c9  lib/atomic.cyr
ff14f0d7999956754937f612c0aa60719c138f0967a81019cf99e08aae088087  lib/string.cyr
0d1dc162866327cdea376c2177090cfdfc4779227c15d2da0d04fffc058e738d  lib/alloc.cyr
e1a1fc06a604cf14c5bd2b5d21dec1e459897f3a8dceb03bcc66de6d178c01a2  lib/syscalls_x86_64_linux.cyr
a61d81221ee7574cd2ecb76d5b7fe10bae17be9a95df3aeaef5cd2f8926ad7f9  lib/syscalls_x86_64_agnos.cyr
150bb9efad587ae139d8df81d62c7578c8ab20d3c6964004908929657b597c12  lib/fmt.cyr
af3dc72c3e2d0f94ea4d4a6bdeb60963cd36e7849b7ccf06299bf5c616de7100  lib/sync_windows.cyr
861dedc4d9c07fcf1e431551e469890953a1b02e321354585742c1ed281a9fcf  lib/syscalls.cyr
0230ab283eee5e5da862775815ac68e0eaf97cbf684d960c0158856939c00a9c  lib/alloc_windows.cyr
9e8581d8155ebf5c5eb5da2bd9e5eb321dd75ce0c6319133f6f74c614d16ef0f  lib/syscalls_aarch64_linux.cyr
19bcb006802c5d158ce1b9e0090a07da7e4d1092236f9850c61ebcbf294021c4  lib/vec.cyr
ee9c3c3feaf3e205477d62aa63aedc14eb2361bcc5ddebdb29fdfc23a6129fff  lib/io.cyr
3d1a597713fb940934806f0080990123666844e97948ba0f2b79a2475c2622b1  lib/sync.cyr
af30844628c715c51cad83addf05c9de4fb12d4b84f97801322448b2df1091b1  lib/fnptr.cyr
39fe97dbac447954aa0db7846d0236514dc083b3e3aa93b13484dab682f5abc1  lib/syscalls_windows.cyr
96e804b93e6a3abe62ba72fc5fbaeac7c28d56d701eb9515b670681d56ed75c1  lib/syscalls_linux_common.cyr
55ffe9a910b214a8dd6fcafce5ee1ba5c86ff8e4f7d79f9c32068019bd013c71  lib/result.cyr
